
Microsoft Visual Studio Solution File, Format Version 12.00
# Visual Studio Version 17
VisualStudioVersion = 17.6.33815.320
MinimumVisualStudioVersion = 10.0.40219.1
Project("{FAE04EC0-301F-11D3-BF4B-00C04F79EFBC}") = "WebApplication3", "WebApplication3\WebApplication3.csproj", "{8BB526E2-B409-49A4-AEF7-2F45E0D29511}"
EndProject
Global
	GlobalSection(SolutionConfigurationPlatforms) = preSolution
		Debug|Any CPU = Debug|Any CPU
		Release|Any CPU = Release|Any CPU
	EndGlobalSection
	GlobalSection(ProjectConfigurationPlatforms) = postSolution
		{8BB526E2-B409-49A4-AEF7-2F45E0D29511}.Debug|Any CPU.ActiveCfg = Debug|Any CPU
		{8BB526E2-B409-49A4-AEF7-2F45E0D29511}.Debug|Any CPU.Build.0 = Debug|Any CPU
		{8BB526E2-B409-49A4-AEF7-2F45E0D29511}.Release|Any CPU.ActiveCfg = Release|Any CPU
		{8BB526E2-B409-49A4-AEF7-2F45E0D29511}.Release|Any CPU.Build.0 = Release|Any CPU
	EndGlobalSection
	GlobalSection(SolutionProperties) = preSolution
		HideSolutionNode = FALSE
	EndGlobalSection
	GlobalSection(ExtensibilityGlobals) = postSolution
		SolutionGuid = {6C05416B-4A15-4557-95AF-27FE73F2F8F1}
	EndGlobalSection
EndGlobal
