
Microsoft Visual Studio Solution File, Format Version 12.00
# Visual Studio Version 17
VisualStudioVersion = 17.6.33815.320
MinimumVisualStudioVersion = 10.0.40219.1
Project("{FAE04EC0-301F-11D3-BF4B-00C04F79EFBC}") = "WebApplication24", "WebApplication24\WebApplication24.csproj", "{58944D1B-DE01-4F76-8310-6A1F7B4FC240}"
EndProject
Global
	GlobalSection(SolutionConfigurationPlatforms) = preSolution
		Debug|Any CPU = Debug|Any CPU
		Release|Any CPU = Release|Any CPU
	EndGlobalSection
	GlobalSection(ProjectConfigurationPlatforms) = postSolution
		{58944D1B-DE01-4F76-8310-6A1F7B4FC240}.Debug|Any CPU.ActiveCfg = Debug|Any CPU
		{58944D1B-DE01-4F76-8310-6A1F7B4FC240}.Debug|Any CPU.Build.0 = Debug|Any CPU
		{58944D1B-DE01-4F76-8310-6A1F7B4FC240}.Release|Any CPU.ActiveCfg = Release|Any CPU
		{58944D1B-DE01-4F76-8310-6A1F7B4FC240}.Release|Any CPU.Build.0 = Release|Any CPU
	EndGlobalSection
	GlobalSection(SolutionProperties) = preSolution
		HideSolutionNode = FALSE
	EndGlobalSection
	GlobalSection(ExtensibilityGlobals) = postSolution
		SolutionGuid = {A201D249-0614-47C1-9BF5-D607C27D8D83}
	EndGlobalSection
EndGlobal
