
Microsoft Visual Studio Solution File, Format Version 12.00
# Visual Studio Version 17
VisualStudioVersion = 17.6.33815.320
MinimumVisualStudioVersion = 10.0.40219.1
Project("{FAE04EC0-301F-11D3-BF4B-00C04F79EFBC}") = "WebApplication1", "WebApplication1\WebApplication1.csproj", "{ACF0A24C-C90B-46F0-876B-52F6426E7C9A}"
EndProject
Global
	GlobalSection(SolutionConfigurationPlatforms) = preSolution
		Debug|Any CPU = Debug|Any CPU
		Release|Any CPU = Release|Any CPU
	EndGlobalSection
	GlobalSection(ProjectConfigurationPlatforms) = postSolution
		{ACF0A24C-C90B-46F0-876B-52F6426E7C9A}.Debug|Any CPU.ActiveCfg = Debug|Any CPU
		{ACF0A24C-C90B-46F0-876B-52F6426E7C9A}.Debug|Any CPU.Build.0 = Debug|Any CPU
		{ACF0A24C-C90B-46F0-876B-52F6426E7C9A}.Release|Any CPU.ActiveCfg = Release|Any CPU
		{ACF0A24C-C90B-46F0-876B-52F6426E7C9A}.Release|Any CPU.Build.0 = Release|Any CPU
	EndGlobalSection
	GlobalSection(SolutionProperties) = preSolution
		HideSolutionNode = FALSE
	EndGlobalSection
	GlobalSection(ExtensibilityGlobals) = postSolution
		SolutionGuid = {7355BEB0-843B-4F46-AA19-4EC54AB0A917}
	EndGlobalSection
EndGlobal
