
Microsoft Visual Studio Solution File, Format Version 12.00
# Visual Studio Version 17
VisualStudioVersion = 17.6.33815.320
MinimumVisualStudioVersion = 10.0.40219.1
Project("{FAE04EC0-301F-11D3-BF4B-00C04F79EFBC}") = "WebApplication26", "WebApplication26\WebApplication26.csproj", "{5E0455D0-F166-4EA3-83FB-885BF4B38961}"
EndProject
Global
	GlobalSection(SolutionConfigurationPlatforms) = preSolution
		Debug|Any CPU = Debug|Any CPU
		Release|Any CPU = Release|Any CPU
	EndGlobalSection
	GlobalSection(ProjectConfigurationPlatforms) = postSolution
		{5E0455D0-F166-4EA3-83FB-885BF4B38961}.Debug|Any CPU.ActiveCfg = Debug|Any CPU
		{5E0455D0-F166-4EA3-83FB-885BF4B38961}.Debug|Any CPU.Build.0 = Debug|Any CPU
		{5E0455D0-F166-4EA3-83FB-885BF4B38961}.Release|Any CPU.ActiveCfg = Release|Any CPU
		{5E0455D0-F166-4EA3-83FB-885BF4B38961}.Release|Any CPU.Build.0 = Release|Any CPU
	EndGlobalSection
	GlobalSection(SolutionProperties) = preSolution
		HideSolutionNode = FALSE
	EndGlobalSection
	GlobalSection(ExtensibilityGlobals) = postSolution
		SolutionGuid = {A2604447-380B-4CA8-9B33-923FECCD2961}
	EndGlobalSection
EndGlobal
